Microsoft Visual Studio Solution File, Format Version 12.00
# Visual Studio Version 17
VisualStudioVersion = 17.5.2.0
MinimumVisualStudioVersion = 10.0.40219.1
Project("{2150E333-8FDC-42A3-9474-1A3956D46DE8}") = "src", "src", "{827E0CD3-B72D-47B6-A68D-7590B98EB39B}"
EndProject
Project("{FAE04EC0-301F-11D3-BF4B-00C04F79EFBC}") = "Workleap.Extensions.Mongo", "src\Workleap.Extensions.Mongo\Workleap.Extensions.Mongo.csproj", "{F072BA2F-8771-3CF9-D68D-85B7D45E24E5}"
EndProject
Project("{FAE04EC0-301F-11D3-BF4B-00C04F79EFBC}") = "Workleap.Extensions.Mongo.Abstractions", "src\Workleap.Extensions.Mongo.Abstractions\Workleap.Extensions.Mongo.Abstractions.csproj", "{3CE29C2A-F368-BE00-03F4-9605C97FE84E}"
EndProject
Project("{FAE04EC0-301F-11D3-BF4B-00C04F79EFBC}") = "Workleap.Extensions.Mongo.Abstractions.v2", "src\Workleap.Extensions.Mongo.Abstractions.v2\Workleap.Extensions.Mongo.Abstractions.v2.csproj", "{7D144804-182F-E0EC-057B-F0BE6FC7154B}"
EndProject
Project("{FAE04EC0-301F-11D3-BF4B-00C04F79EFBC}") = "Workleap.Extensions.Mongo.Analyzers", "src\Workleap.Extensions.Mongo.Analyzers\Workleap.Extensions.Mongo.Analyzers.csproj", "{A5E31B71-956D-688C-9325-39ED9C6A8B58}"
EndProject
Project("{FAE04EC0-301F-11D3-BF4B-00C04F79EFBC}") = "Workleap.Extensions.Mongo.Analyzers.Tests", "src\Workleap.Extensions.Mongo.Analyzers.Tests\Workleap.Extensions.Mongo.Analyzers.Tests.csproj", "{2F983B5B-BD3C-DC10-7D5A-75D6BE13EFE8}"
EndProject
Project("{FAE04EC0-301F-11D3-BF4B-00C04F79EFBC}") = "Workleap.Extensions.Mongo.Analyzers.v2.Tests", "src\Workleap.Extensions.Mongo.Analyzers.v2.Tests\Workleap.Extensions.Mongo.Analyzers.v2.Tests.csproj", "{F49EB833-EFC8-13EA-524F-D572D71E4CA4}"
EndProject
Project("{FAE04EC0-301F-11D3-BF4B-00C04F79EFBC}") = "Workleap.Extensions.Mongo.Ephemeral", "src\Workleap.Extensions.Mongo.Ephemeral\Workleap.Extensions.Mongo.Ephemeral.csproj", "{9625641A-989F-EEDD-D540-CB60F3451004}"
EndProject
Project("{FAE04EC0-301F-11D3-BF4B-00C04F79EFBC}") = "Workleap.Extensions.Mongo.Ephemeral.v2", "src\Workleap.Extensions.Mongo.Ephemeral.v2\Workleap.Extensions.Mongo.Ephemeral.v2.csproj", "{2D17E4F0-43A6-2681-0DB4-8B6671172B2A}"
EndProject
Project("{FAE04EC0-301F-11D3-BF4B-00C04F79EFBC}") = "Workleap.Extensions.Mongo.Tests", "src\Workleap.Extensions.Mongo.Tests\Workleap.Extensions.Mongo.Tests.csproj", "{59D73F9C-C6B6-8806-7FC1-AF39EBF5C641}"
EndProject
Project("{FAE04EC0-301F-11D3-BF4B-00C04F79EFBC}") = "Workleap.Extensions.Mongo.v2", "src\Workleap.Extensions.Mongo.v2\Workleap.Extensions.Mongo.v2.csproj", "{58A4B391-8BFB-4AE5-2A16-8359CBDF947B}"
EndProject
Project("{FAE04EC0-301F-11D3-BF4B-00C04F79EFBC}") = "Workleap.Extensions.Mongo.v2.Tests", "src\Workleap.Extensions.Mongo.v2.Tests\Workleap.Extensions.Mongo.v2.Tests.csproj", "{1F8E196C-E08D-EDC3-90CF-9A998E5A0A0C}"
EndProject
Global
	GlobalSection(SolutionConfigurationPlatforms) = preSolution
		Debug|Any CPU = Debug|Any CPU
		Release|Any CPU = Release|Any CPU
	EndGlobalSection
	GlobalSection(ProjectConfigurationPlatforms) = postSolution
		{F072BA2F-8771-3CF9-D68D-85B7D45E24E5}.Debug|Any CPU.ActiveCfg = Debug|Any CPU
		{F072BA2F-8771-3CF9-D68D-85B7D45E24E5}.Debug|Any CPU.Build.0 = Debug|Any CPU
		{F072BA2F-8771-3CF9-D68D-85B7D45E24E5}.Release|Any CPU.ActiveCfg = Release|Any CPU
		{F072BA2F-8771-3CF9-D68D-85B7D45E24E5}.Release|Any CPU.Build.0 = Release|Any CPU
		{3CE29C2A-F368-BE00-03F4-9605C97FE84E}.Debug|Any CPU.ActiveCfg = Debug|Any CPU
		{3CE29C2A-F368-BE00-03F4-9605C97FE84E}.Debug|Any CPU.Build.0 = Debug|Any CPU
		{3CE29C2A-F368-BE00-03F4-9605C97FE84E}.Release|Any CPU.ActiveCfg = Release|Any CPU
		{3CE29C2A-F368-BE00-03F4-9605C97FE84E}.Release|Any CPU.Build.0 = Release|Any CPU
		{7D144804-182F-E0EC-057B-F0BE6FC7154B}.Debug|Any CPU.ActiveCfg = Debug|Any CPU
		{7D144804-182F-E0EC-057B-F0BE6FC7154B}.Debug|Any CPU.Build.0 = Debug|Any CPU
		{7D144804-182F-E0EC-057B-F0BE6FC7154B}.Release|Any CPU.ActiveCfg = Release|Any CPU
		{7D144804-182F-E0EC-057B-F0BE6FC7154B}.Release|Any CPU.Build.0 = Release|Any CPU
		{A5E31B71-956D-688C-9325-39ED9C6A8B58}.Debug|Any CPU.ActiveCfg = Debug|Any CPU
		{A5E31B71-956D-688C-9325-39ED9C6A8B58}.Debug|Any CPU.Build.0 = Debug|Any CPU
		{A5E31B71-956D-688C-9325-39ED9C6A8B58}.Release|Any CPU.ActiveCfg = Release|Any CPU
		{A5E31B71-956D-688C-9325-39ED9C6A8B58}.Release|Any CPU.Build.0 = Release|Any CPU
		{2F983B5B-BD3C-DC10-7D5A-75D6BE13EFE8}.Debug|Any CPU.ActiveCfg = Debug|Any CPU
		{2F983B5B-BD3C-DC10-7D5A-75D6BE13EFE8}.Debug|Any CPU.Build.0 = Debug|Any CPU
		{2F983B5B-BD3C-DC10-7D5A-75D6BE13EFE8}.Release|Any CPU.ActiveCfg = Release|Any CPU
		{2F983B5B-BD3C-DC10-7D5A-75D6BE13EFE8}.Release|Any CPU.Build.0 = Release|Any CPU
		{F49EB833-EFC8-13EA-524F-D572D71E4CA4}.Debug|Any CPU.ActiveCfg = Debug|Any CPU
		{F49EB833-EFC8-13EA-524F-D572D71E4CA4}.Debug|Any CPU.Build.0 = Debug|Any CPU
		{F49EB833-EFC8-13EA-524F-D572D71E4CA4}.Release|Any CPU.ActiveCfg = Release|Any CPU
		{F49EB833-EFC8-13EA-524F-D572D71E4CA4}.Release|Any CPU.Build.0 = Release|Any CPU
		{9625641A-989F-EEDD-D540-CB60F3451004}.Debug|Any CPU.ActiveCfg = Debug|Any CPU
		{9625641A-989F-EEDD-D540-CB60F3451004}.Debug|Any CPU.Build.0 = Debug|Any CPU
		{9625641A-989F-EEDD-D540-CB60F3451004}.Release|Any CPU.ActiveCfg = Release|Any CPU
		{9625641A-989F-EEDD-D540-CB60F3451004}.Release|Any CPU.Build.0 = Release|Any CPU
		{2D17E4F0-43A6-2681-0DB4-8B6671172B2A}.Debug|Any CPU.ActiveCfg = Debug|Any CPU
		{2D17E4F0-43A6-2681-0DB4-8B6671172B2A}.Debug|Any CPU.Build.0 = Debug|Any CPU
		{2D17E4F0-43A6-2681-0DB4-8B6671172B2A}.Release|Any CPU.ActiveCfg = Release|Any CPU
		{2D17E4F0-43A6-2681-0DB4-8B6671172B2A}.Release|Any CPU.Build.0 = Release|Any CPU
		{59D73F9C-C6B6-8806-7FC1-AF39EBF5C641}.Debug|Any CPU.ActiveCfg = Debug|Any CPU
		{59D73F9C-C6B6-8806-7FC1-AF39EBF5C641}.Debug|Any CPU.Build.0 = Debug|Any CPU
		{59D73F9C-C6B6-8806-7FC1-AF39EBF5C641}.Release|Any CPU.ActiveCfg = Release|Any CPU
		{59D73F9C-C6B6-8806-7FC1-AF39EBF5C641}.Release|Any CPU.Build.0 = Release|Any CPU
		{58A4B391-8BFB-4AE5-2A16-8359CBDF947B}.Debug|Any CPU.ActiveCfg = Debug|Any CPU
		{58A4B391-8BFB-4AE5-2A16-8359CBDF947B}.Debug|Any CPU.Build.0 = Debug|Any CPU
		{58A4B391-8BFB-4AE5-2A16-8359CBDF947B}.Release|Any CPU.ActiveCfg = Release|Any CPU
		{58A4B391-8BFB-4AE5-2A16-8359CBDF947B}.Release|Any CPU.Build.0 = Release|Any CPU
		{1F8E196C-E08D-EDC3-90CF-9A998E5A0A0C}.Debug|Any CPU.ActiveCfg = Debug|Any CPU
		{1F8E196C-E08D-EDC3-90CF-9A998E5A0A0C}.Debug|Any CPU.Build.0 = Debug|Any CPU
		{1F8E196C-E08D-EDC3-90CF-9A998E5A0A0C}.Release|Any CPU.ActiveCfg = Release|Any CPU
		{1F8E196C-E08D-EDC3-90CF-9A998E5A0A0C}.Release|Any CPU.Build.0 = Release|Any CPU
	EndGlobalSection
	GlobalSection(SolutionProperties) = preSolution
		HideSolutionNode = FALSE
	EndGlobalSection
	GlobalSection(NestedProjects) = preSolution
		{F072BA2F-8771-3CF9-D68D-85B7D45E24E5} = {827E0CD3-B72D-47B6-A68D-7590B98EB39B}
		{3CE29C2A-F368-BE00-03F4-9605C97FE84E} = {827E0CD3-B72D-47B6-A68D-7590B98EB39B}
		{7D144804-182F-E0EC-057B-F0BE6FC7154B} = {827E0CD3-B72D-47B6-A68D-7590B98EB39B}
		{A5E31B71-956D-688C-9325-39ED9C6A8B58} = {827E0CD3-B72D-47B6-A68D-7590B98EB39B}
		{2F983B5B-BD3C-DC10-7D5A-75D6BE13EFE8} = {827E0CD3-B72D-47B6-A68D-7590B98EB39B}
		{F49EB833-EFC8-13EA-524F-D572D71E4CA4} = {827E0CD3-B72D-47B6-A68D-7590B98EB39B}
		{9625641A-989F-EEDD-D540-CB60F3451004} = {827E0CD3-B72D-47B6-A68D-7590B98EB39B}
		{2D17E4F0-43A6-2681-0DB4-8B6671172B2A} = {827E0CD3-B72D-47B6-A68D-7590B98EB39B}
		{59D73F9C-C6B6-8806-7FC1-AF39EBF5C641} = {827E0CD3-B72D-47B6-A68D-7590B98EB39B}
		{58A4B391-8BFB-4AE5-2A16-8359CBDF947B} = {827E0CD3-B72D-47B6-A68D-7590B98EB39B}
		{1F8E196C-E08D-EDC3-90CF-9A998E5A0A0C} = {827E0CD3-B72D-47B6-A68D-7590B98EB39B}
	EndGlobalSection
	GlobalSection(ExtensibilityGlobals) = postSolution
		SolutionGuid = {9FE70BC6-D596-4CC7-B052-B371288C39D0}
	EndGlobalSection
EndGlobal
